
Microsoft Visual Studio Solution File, Format Version 12.00
# Visual Studio Version 17
VisualStudioVersion = 17.14.37012.4
MinimumVisualStudioVersion = 10.0.40219.1
Project("{8BC9CEB8-8B4A-11D0-8D11-00A0C91BC942}") = "7)bubblesort8)binaerySearch", "assesmetPartB\assesmetPartB.vcxproj", "{1D92B72C-42BD-48EB-AA34-642D8314613A}"
EndProject
Project("{8BC9CEB8-8B4A-11D0-8D11-00A0C91BC942}") = "9)pointers", "9)pointers\9)pointers.vcxproj", "{4076C0A9-CA15-4D9D-80CF-10ACD2B01E7B}"
EndProject
Project("{8BC9CEB8-8B4A-11D0-8D11-00A0C91BC942}") = "6)linearSearch", "6)linearSearch\6)linearSearch.vcxproj", "{F25D6CBC-9CD8-415A-AA7A-EEEF60AF5CB0}"
EndProject
Project("{8BC9CEB8-8B4A-11D0-8D11-00A0C91BC942}") = "10)MobBattle", "10)MobBattle\10)MobBattle.vcxproj", "{C8B4E0F2-4D09-4439-B74F-637C458685A2}"
EndProject
Global
	GlobalSection(SolutionConfigurationPlatforms) = preSolution
		Debug|x64 = Debug|x64
		Debug|x86 = Debug|x86
		Release|x64 = Release|x64
		Release|x86 = Release|x86
	EndGlobalSection
	GlobalSection(ProjectConfigurationPlatforms) = postSolution
		{1D92B72C-42BD-48EB-AA34-642D8314613A}.Debug|x64.ActiveCfg = Debug|x64
		{1D92B72C-42BD-48EB-AA34-642D8314613A}.Debug|x64.Build.0 = Debug|x64
		{1D92B72C-42BD-48EB-AA34-642D8314613A}.Debug|x86.ActiveCfg = Debug|Win32
		{1D92B72C-42BD-48EB-AA34-642D8314613A}.Debug|x86.Build.0 = Debug|Win32
		{1D92B72C-42BD-48EB-AA34-642D8314613A}.Release|x64.ActiveCfg = Release|x64
		{1D92B72C-42BD-48EB-AA34-642D8314613A}.Release|x64.Build.0 = Release|x64
		{1D92B72C-42BD-48EB-AA34-642D8314613A}.Release|x86.ActiveCfg = Release|Win32
		{1D92B72C-42BD-48EB-AA34-642D8314613A}.Release|x86.Build.0 = Release|Win32
		{4076C0A9-CA15-4D9D-80CF-10ACD2B01E7B}.Debug|x64.ActiveCfg = Debug|x64
		{4076C0A9-CA15-4D9D-80CF-10ACD2B01E7B}.Debug|x64.Build.0 = Debug|x64
		{4076C0A9-CA15-4D9D-80CF-10ACD2B01E7B}.Debug|x86.ActiveCfg = Debug|Win32
		{4076C0A9-CA15-4D9D-80CF-10ACD2B01E7B}.Debug|x86.Build.0 = Debug|Win32
		{4076C0A9-CA15-4D9D-80CF-10ACD2B01E7B}.Release|x64.ActiveCfg = Release|x64
		{4076C0A9-CA15-4D9D-80CF-10ACD2B01E7B}.Release|x64.Build.0 = Release|x64
		{4076C0A9-CA15-4D9D-80CF-10ACD2B01E7B}.Release|x86.ActiveCfg = Release|Win32
		{4076C0A9-CA15-4D9D-80CF-10ACD2B01E7B}.Release|x86.Build.0 = Release|Win32
		{F25D6CBC-9CD8-415A-AA7A-EEEF60AF5CB0}.Debug|x64.ActiveCfg = Debug|x64
		{F25D6CBC-9CD8-415A-AA7A-EEEF60AF5CB0}.Debug|x64.Build.0 = Debug|x64
		{F25D6CBC-9CD8-415A-AA7A-EEEF60AF5CB0}.Debug|x86.ActiveCfg = Debug|Win32
		{F25D6CBC-9CD8-415A-AA7A-EEEF60AF5CB0}.Debug|x86.Build.0 = Debug|Win32
		{F25D6CBC-9CD8-415A-AA7A-EEEF60AF5CB0}.Release|x64.ActiveCfg = Release|x64
		{F25D6CBC-9CD8-415A-AA7A-EEEF60AF5CB0}.Release|x64.Build.0 = Release|x64
		{F25D6CBC-9CD8-415A-AA7A-EEEF60AF5CB0}.Release|x86.ActiveCfg = Release|Win32
		{F25D6CBC-9CD8-415A-AA7A-EEEF60AF5CB0}.Release|x86.Build.0 = Release|Win32
		{C8B4E0F2-4D09-4439-B74F-637C458685A2}.Debug|x64.ActiveCfg = Debug|x64
		{C8B4E0F2-4D09-4439-B74F-637C458685A2}.Debug|x64.Build.0 = Debug|x64
		{C8B4E0F2-4D09-4439-B74F-637C458685A2}.Debug|x86.ActiveCfg = Debug|Win32
		{C8B4E0F2-4D09-4439-B74F-637C458685A2}.Debug|x86.Build.0 = Debug|Win32
		{C8B4E0F2-4D09-4439-B74F-637C458685A2}.Release|x64.ActiveCfg = Release|x64
		{C8B4E0F2-4D09-4439-B74F-637C458685A2}.Release|x64.Build.0 = Release|x64
		{C8B4E0F2-4D09-4439-B74F-637C458685A2}.Release|x86.ActiveCfg = Release|Win32
		{C8B4E0F2-4D09-4439-B74F-637C458685A2}.Release|x86.Build.0 = Release|Win32
	EndGlobalSection
	GlobalSection(SolutionProperties) = preSolution
		HideSolutionNode = FALSE
	EndGlobalSection
	GlobalSection(ExtensibilityGlobals) = postSolution
		SolutionGuid = {3B3342B5-9696-4233-B2BB-9CE150029999}
	EndGlobalSection
EndGlobal
